// !$*UTF8*$!
{
	archiveVersion = 1;
	classes = {
	};
	objectVersion = 50;
	objects = {

/* Begin PBXBuildFile section */
		32ADFCE7211EA45B003DDF1A /* AppDelegate.swift in Sources */ = {isa = PBXBuildFile; fileRef = 32ADFCE6211EA45B003DDF1A /* AppDelegate.swift */; };
		32ADFCE9211EA45B003DDF1A /* ViewController.swift in Sources */ = {isa = PBXBuildFile; fileRef = 32ADFCE8211EA45B003DDF1A /* ViewController.swift */; };
		32ADFCEC211EA45B003DDF1A /* Main.storyboard in Resources */ = {isa = PBXBuildFile; fileRef = 32ADFCEA211EA45B003DDF1A /* Main.storyboard */; };
		32ADFCEE211EA45C003DDF1A /* Assets.xcassets in Resources */ = {isa = PBXBuildFile; fileRef = 32ADFCED211EA45C003DDF1A /* Assets.xcassets */; };
		32ADFCF1211EA45C003DDF1A /* LaunchScreen.storyboard in Resources */ = {isa = PBXBuildFile; fileRef = 32ADFCEF211EA45C003DDF1A /* LaunchScreen.storyboard */; };
/* End PBXBuildFile section */

/* Begin PBXFileReference section */
		32ADFCE3211EA45B003DDF1A /* Magic-8Ball.app */ = {isa = PBXFileReference; explicitFileType = wrapper.application; includeInIndex = 0; path = "Magic-8Ball.app"; sourceTree = BUILT_PRODUCTS_DIR; };
		32ADFCE6211EA45B003DDF1A /* AppDelegate.swift */ = {isa = PBXFileReference; lastKnownFileType = sourcecode.swift; path = AppDelegate.swift; sourceTree = "<group>"; };
		32ADFCE8211EA45B003DDF1A /* ViewController.swift */ = {isa = PBXFileReference; lastKnownFileType = sourcecode.swift; path = ViewController.swift; sourceTree = "<group>"; };
		32ADFCEB211EA45B003DDF1A /* Base */ = {isa = PBXFileReference; lastKnownFileType = file.storyboard; name = Base; path = Base.lproj/Main.storyboard; sourceTree = "<group>"; };
		32ADFCED211EA45C003DDF1A /* Assets.xcassets */ = {isa = PBXFileReference; lastKnownFileType = folder.assetcatalog; path = Assets.xcassets; sourceTree = "<group>"; };
		32ADFCF0211EA45C003DDF1A /* Base */ = {isa = PBXFileReference; lastKnownFileType = file.storyboard; name = Base; path = Base.lproj/LaunchScreen.storyboard; sourceTree = "<group>"; };
		32ADFCF2211EA45C003DDF1A /* Info.plist */ = {isa = PBXFileReference; lastKnownFileType = text.plist.xml; path = Info.plist; sourceTree = "<group>"; };
/* End PBXFileReference section */

/* Begin PBXFrameworksBuildPhase section */
		32ADFCE0211EA45B003DDF1A /* Frameworks */ = {
			isa = PBXFrameworksBuildPhase;
			buildActionMask = 2147483647;
			files = (
			);
			runOnlyForDeploymentPostprocessing = 0;
		};
/* End PBXFrameworksBuildPhase section */

/* Begin PBXGroup section */
		32ADFCDA211EA45B003DDF1A = {
			isa = PBXGroup;
			children = (
				32ADFCE5211EA45B003DDF1A /* Magic-8Ball */,
				32ADFCE4211EA45B003DDF1A /* Products */,
			);
			sourceTree = "<group>";
		};
		32ADFCE4211EA45B003DDF1A /* Products */ = {
			isa = PBXGroup;
			children = (
				32ADFCE3211EA45B003DDF1A /* Magic-8Ball.app */,
			);
			name = Products;
			sourceTree = "<group>";
		};
		32ADFCE5211EA45B003DDF1A /* Magic-8Ball */ = {
			isa = PBXGroup;
			children = (
				32ADFCE6211EA45B003DDF1A /* AppDelegate.swift */,
				32ADFCE8211EA45B003DDF1A /* ViewController.swift */,
				32ADFCEA211EA45B003DDF1A /* Main.storyboard */,
				32ADFCED211EA45C003DDF1A /* Assets.xcassets */,
				32ADFCEF211EA45C003DDF1A /* LaunchScreen.storyboard */,
				32ADFCF2211EA45C003DDF1A /* Info.plist */,
			);
			path = "Magic-8Ball";
			sourceTree = "<group>";
		};
/* End PBXGroup section */

/* Begin PBXNativeTarget section */
		32ADFCE2211EA45B003DDF1A /* Magic-8Ball */ = {
			isa = PBXNativeTarget;
			buildConfigurationList = 32ADFCF5211EA45C003DDF1A /* Build configuration list for PBXNativeTarget "Magic-8Ball" */;
			buildPhases = (
				32ADFCDF211EA45B003DDF1A /* Sources */,
				32ADFCE0211EA45B003DDF1A /* Frameworks */,
				32ADFCE1211EA45B003DDF1A /* Resources */,
			);
			buildRules = (
			);
			dependencies = (
			);
			name = "Magic-8Ball";
			productName = "Magic-8Ball";
			productReference = 32ADFCE3211EA45B003DDF1A /* Magic-8Ball.app */;
			productType = "com.apple.product-type.application";
		};
/* End PBXNativeTarget section */

/* Begin PBXProject section */
		32ADFCDB211EA45B003DDF1A /* Project object */ = {
			isa = PBXProject;
			attributes = {
				LastSwiftUpdateCheck = 0940;
				LastUpgradeCheck = 0940;
				ORGANIZATIONNAME = "Adryan Yudhatrisna";
				TargetAttributes = {
					32ADFCE2211EA45B003DDF1A = {
						CreatedOnToolsVersion = 9.4.1;
					};
				};
			};
			buildConfigurationList = 32ADFCDE211EA45B003DDF1A /* Build configuration list for PBXProject "Magic-8Ball" */;
			compatibilityVersion = "Xcode 9.3";
			developmentRegion = en;
			hasScannedForEncodings = 0;
			knownRegions = (
				en,
				Base,
			);
			mainGroup = 32ADFCDA211EA45B003DDF1A;
			productRefGroup = 32ADFCE4211EA45B003DDF1A /* Products */;
			projectDirPath = "";
			projectRoot = "";
			targets = (
				32ADFCE2211EA45B003DDF1A /* Magic-8Ball */,
			);
		};
/* End PBXProject section */

/* Begin PBXResourcesBuildPhase section */
		32ADFCE1211EA45B003DDF1A /* Resources */ = {
			isa = PBXResourcesBuildPhase;
			buildActionMask = 2147483647;
			files = (
				32ADFCF1211EA45C003DDF1A /* LaunchScreen.storyboard in Resources */,
				32ADFCEE211EA45C003DDF1A /* Assets.xcassets in Resources */,
				32ADFCEC211EA45B003DDF1A /* Main.storyboard in Resources */,
			);
			runOnlyForDeploymentPostprocessing = 0;
		};
/* End PBXResourcesBuildPhase section */

/* Begin PBXSourcesBuildPhase section */
		32ADFCDF211EA45B003DDF1A /* Sources */ = {
			isa = PBXSourcesBuildPhase;
			buildActionMask = 2147483647;
			files = (
				32ADFCE9211EA45B003DDF1A /* ViewController.swift in Sources */,
				32ADFCE7211EA45B003DDF1A /* AppDelegate.swift in Sources */,
			);
			runOnlyForDeploymentPostprocessing = 0;
		};
/* End PBXSourcesBuildPhase section */

/* Begin PBXVariantGroup section */
		32ADFCEA211EA45B003DDF1A /* Main.storyboard */ = {
			isa = PBXVariantGroup;
			children = (
				32ADFCEB211EA45B003DDF1A /* Base */,
			);
			name = Main.storyboard;
			sourceTree = "<group>";
		};
		32ADFCEF211EA45C003DDF1A /* LaunchScreen.storyboard */ = {
			isa = PBXVariantGroup;
			children = (
				32ADFCF0211EA45C003DDF1A /* Base */,
			);
			name = LaunchScreen.storyboard;
			sourceTree = "<group>";
		};
/* End PBXVariantGroup section */

/* Begin XCBuildConfiguration section */
		32ADFCF3211EA45C003DDF1A /* Debug */ = {
			isa = XCBuildConfiguration;
			buildSettings = {
				ALWAYS_SEARCH_USER_PATHS = NO;
				CLANG_ANALYZER_NONNULL = YES;
				CLANG_ANALYZER_NUMBER_OBJECT_CONVERSION = YES_AGGRESSIVE;
				CLANG_CXX_LANGUAGE_STANDARD = "gnu++14";
				CLANG_CXX_LIBRARY = "libc++";
				CLANG_ENABLE_MODULES = YES;
				CLANG_ENABLE_OBJC_ARC = YES;
				CLANG_ENABLE_OBJC_WEAK = YES;
				CLANG_WARN_BLOCK_CAPTURE_AUTORELEASING = YES;
				CLANG_WARN_BOOL_CONVERSION = YES;
				CLANG_WARN_COMMA = YES;
				CLANG_WARN_CONSTANT_CONVERSION = YES;
				CLANG_WARN_DEPRECATED_OBJC_IMPLEMENTATIONS = YES;
				CLANG_WARN_DIRECT_OBJC_ISA_USAGE = YES_ERROR;
				CLANG_WARN_DOCUMENTATION_COMMENTS = YES;
				CLANG_WARN_EMPTY_BODY = YES;
				CLANG_WARN_ENUM_CONVERSION = YES;
				CLANG_WARN_INFINITE_RECURSION = YES;
				CLANG_WARN_INT_CONVERSION = YES;
				CLANG_WARN_NON_LITERAL_NULL_CONVERSION = YES;
				CLANG_WARN_OBJC_IMPLICIT_RETAIN_SELF = YES;
				CLANG_WARN_OBJC_LITERAL_CONVERSION = YES;
				CLANG_WARN_OBJC_ROOT_CLASS = YES_ERROR;
				CLANG_WARN_RANGE_LOOP_ANALYSIS = YES;
				CLANG_WARN_STRICT_PROTOTYPES = YES;
				CLANG_WARN_SUSPICIOUS_MOVE = YES;
				CLANG_WARN_UNGUARDED_AVAILABILITY = YES_AGGRESSIVE;
				CLANG_WARN_UNREACHABLE_CODE = YES;
				CLANG_WARN__DUPLICATE_METHOD_MATCH = YES;
				CODE_SIGN_IDENTITY = "iPhone Developer";
				COPY_PHASE_STRIP = NO;
				DEBUG_INFORMATION_FORMAT = dwarf;
				ENABLE_STRICT_OBJC_MSGSEND = YES;
				ENABLE_TESTABILITY = YES;
				GCC_C_LANGUAGE_STANDARD = gnu11;
				GCC_DYNAMIC_NO_PIC = NO;
				GCC_NO_COMMON_BLOCKS = YES;
				GCC_OPTIMIZATION_LEVEL = 0;
				GCC_PREPROCESSOR_DEFINITIONS = (
					"DEBUG=1",
					"$(inherited)",
				);
				GCC_WARN_64_TO_32_BIT_CONVERSION = YES;
				GCC_WARN_ABOUT_RETURN_TYPE = YES_ERROR;
				GCC_WARN_UNDECLARED_SELECTOR = YES;
				GCC_WARN_UNINITIALIZED_AUTOS = YES_AGGRESSIVE;
				GCC_WARN_UNUSED_FUNCTION = YES;
				GCC_WARN_UNUSED_VARIABLE = YES;
				IPHONEOS_DEPLOYMENT_TARGET = 11.4;
				MTL_ENABLE_DEBUG_INFO = YES;
				ONLY_ACTIVE_ARCH = YES;
				SDKROOT = iphoneos;
				SWIFT_ACTIVE_COMPILATION_CONDITIONS = DEBUG;
				SWIFT_OPTIMIZATION_LEVEL = "-Onone";
			};
			name = Debug;
		};
		32ADFCF4211EA45C003DDF1A /* Release */ = {
			isa = XCBuildConfiguration;
			buildSettings = {
				ALWAYS_SEARCH_USER_PATHS = NO;
				CLANG_ANALYZER_NONNULL = YES;
				CLANG_ANALYZER_NUMBER_OBJECT_CONVERSION = YES_AGGRESSIVE;
				CLANG_CXX_LANGUAGE_STANDARD = "gnu++14";
				CLANG_CXX_LIBRARY = "libc++";
				CLANG_ENABLE_MODULES = YES;
				CLANG_ENABLE_OBJC_ARC = YES;
				CLANG_ENABLE_OBJC_WEAK = YES;
				CLANG_WARN_BLOCK_CAPTURE_AUTORELEASING = YES;
				CLANG_WARN_BOOL_CONVERSION = YES;
				CLANG_WARN_COMMA = YES;
				CLANG_WARN_CONSTANT_CONVERSION = YES;
				CLANG_WARN_DEPRECATED_OBJC_IMPLEMENTATIONS = YES;
				CLANG_WARN_DIRECT_OBJC_ISA_USAGE = YES_ERROR;
				CLANG_WARN_DOCUMENTATION_COMMENTS = YES;
				CLANG_WARN_EMPTY_BODY = YES;
				CLANG_WARN_ENUM_CONVERSION = YES;
				CLANG_WARN_INFINITE_RECURSION = YES;
				CLANG_WARN_INT_CONVERSION = YES;
				CLANG_WARN_NON_LITERAL_NULL_CONVERSION = YES;
				CLANG_WARN_OBJC_IMPLICIT_RETAIN_SELF = YES;
				CLANG_WARN_OBJC_LITERAL_CONVERSION = YES;
				CLANG_WARN_OBJC_ROOT_CLASS = YES_ERROR;
				CLANG_WARN_RANGE_LOOP_ANALYSIS = YES;
				CLANG_WARN_STRICT_PROTOTYPES = YES;
				CLANG_WARN_SUSPICIOUS_MOVE = YES;
				CLANG_WARN_UNGUARDED_AVAILABILITY = YES_AGGRESSIVE;
				CLANG_WARN_UNREACHABLE_CODE = YES;
				CLANG_WARN__DUPLICATE_METHOD_MATCH = YES;
				CODE_SIGN_IDENTITY = "iPhone Developer";
				COPY_PHASE_STRIP = NO;
				DEBUG_INFORMATION_FORMAT = "dwarf-with-dsym";
				ENABLE_NS_ASSERTIONS = NO;
				ENABLE_STRICT_OBJC_MSGSEND = YES;
				GCC_C_LANGUAGE_STANDARD = gnu11;
				GCC_NO_COMMON_BLOCKS = YES;
				GCC_WARN_64_TO_32_BIT_CONVERSION = YES;
				GCC_WARN_ABOUT_RETURN_TYPE = YES_ERROR;
				GCC_WARN_UNDECLARED_SELECTOR = YES;
				GCC_WARN_UNINITIALIZED_AUTOS = YES_AGGRESSIVE;
				GCC_WARN_UNUSED_FUNCTION = YES;
				GCC_WARN_UNUSED_VARIABLE = YES;
				IPHONEOS_DEPLOYMENT_TARGET = 11.4;
				MTL_ENABLE_DEBUG_INFO = NO;
				SDKROOT = iphoneos;
				SWIFT_COMPILATION_MODE = wholemodule;
				SWIFT_OPTIMIZATION_LEVEL = "-O";
				VALIDATE_PRODUCT = YES;
			};
			name = Release;
		};
		32ADFCF6211EA45C003DDF1A /* Debug */ = {
			isa = XCBuildConfiguration;
			buildSettings = {
				ASSETCATALOG_COMPILER_APPICON_NAME = AppIcon;
				CODE_SIGN_STYLE = Automatic;
				INFOPLIST_FILE = "Magic-8Ball/Info.plist";
				LD_RUNPATH_SEARCH_PATHS = (
					"$(inherited)",
					"@executable_path/Frameworks",
				);
				PRODUCT_BUNDLE_IDENTIFIER = "com.ipi.Magic-8Ball";
				PRODUCT_NAME = "$(TARGET_NAME)";
				SWIFT_VERSION = 4.0;
				TARGETED_DEVICE_FAMILY = "1,2";
			};
			name = Debug;
		};
		32ADFCF7211EA45C003DDF1A /* Release */ = {
			isa = XCBuildConfiguration;
			buildSettings = {
				ASSETCATALOG_COMPILER_APPICON_NAME = AppIcon;
				CODE_SIGN_STYLE = Automatic;
				INFOPLIST_FILE = "Magic-8Ball/Info.plist";
				LD_RUNPATH_SEARCH_PATHS = (
					"$(inherited)",
					"@executable_path/Frameworks",
				);
				PRODUCT_BUNDLE_IDENTIFIER = "com.ipi.Magic-8Ball";
				PRODUCT_NAME = "$(TARGET_NAME)";
				SWIFT_VERSION = 4.0;
				TARGETED_DEVICE_FAMILY = "1,2";
			};
			name = Release;
		};
/* End XCBuildConfiguration section */

/* Begin XCConfigurationList section */
		32ADFCDE211EA45B003DDF1A /* Build configuration list for PBXProject "Magic-8Ball" */ = {
			isa = XCConfigurationList;
			buildConfigurations = (
				32ADFCF3211EA45C003DDF1A /* Debug */,
				32ADFCF4211EA45C003DDF1A /* Release */,
			);
			defaultConfigurationIsVisible = 0;
			defaultConfigurationName = Release;
		};
		32ADFCF5211EA45C003DDF1A /* Build configuration list for PBXNativeTarget "Magic-8Ball" */ = {
			isa = XCConfigurationList;
			buildConfigurations = (
				32ADFCF6211EA45C003DDF1A /* Debug */,
				32ADFCF7211EA45C003DDF1A /* Release */,
			);
			defaultConfigurationIsVisible = 0;
			defaultConfigurationName = Release;
		};
/* End XCConfigurationList section */
	};
	rootObject = 32ADFCDB211EA45B003DDF1A /* Project object */;
}
